#MicroXplorer Configuration settings - do not modify
ADC3.Channel-0\#ChannelRegularConversion=ADC_CHANNEL_0
ADC3.ClockPrescalerADC3=ADC_CLOCK_SYNC_PCLK_DIV1
ADC3.ConversionDataManagement=ADC_CONVERSIONDATA_DMA_CIRCULAR
ADC3.ExternalTrigConv=ADC_EXTERNALTRIG_T8_TRGO2
ADC3.ExternalTrigConvEdge=ADC_EXTERNALTRIGCONVEDGE_RISING
ADC3.IPParameters=Rank-0\#ChannelRegularConversion,Channel-0\#ChannelRegularConversion,SamplingTime-0\#ChannelRegularConversion,OffsetNumber-0\#ChannelRegularConversion,OffsetSignedSaturation-0\#ChannelRegularConversion,NbrOfConversionFlag,ClockPrescalerADC3,Resolution,LeftBitShift,ExternalTrigConv,ExternalTrigConvEdge,ConversionDataManagement,Overrun
ADC3.LeftBitShift=ADC_LEFTBITSHIFT_2
ADC3.NbrOfConversionFlag=1
ADC3.OffsetNumber-0\#ChannelRegularConversion=ADC_OFFSET_NONE
ADC3.OffsetSignedSaturation-0\#ChannelRegularConversion=DISABLE
ADC3.Overrun=ADC_OVR_DATA_OVERWRITTEN
ADC3.Rank-0\#ChannelRegularConversion=1
ADC3.Resolution=ADC_RESOLUTION_14B
ADC3.SamplingTime-0\#ChannelRegularConversion=ADC_SAMPLETIME_1CYCLE_5
Bdma.I2C4_RX.1.Direction=DMA_PERIPH_TO_MEMORY
Bdma.I2C4_RX.1.EventEnable=DISABLE
Bdma.I2C4_RX.1.Instance=BDMA_Channel1
Bdma.I2C4_RX.1.MemDataAlignment=DMA_MDATAALIGN_BYTE
Bdma.I2C4_RX.1.MemInc=DMA_MINC_ENABLE
Bdma.I2C4_RX.1.Mode=DMA_NORMAL
Bdma.I2C4_RX.1.PeriphDataAlignment=DMA_PDATAALIGN_BYTE
Bdma.I2C4_RX.1.PeriphInc=DMA_PINC_DISABLE
Bdma.I2C4_RX.1.Polarity=HAL_DMAMUX_REQ_GEN_RISING
Bdma.I2C4_RX.1.Priority=DMA_PRIORITY_LOW
Bdma.I2C4_RX.1.RequestNumber=1
Bdma.I2C4_RX.1.RequestParameters=Instance,Direction,PeriphInc,MemInc,PeriphDataAlignment,MemDataAlignment,Mode,Priority,SignalID,Polarity,RequestNumber,SyncSignalID,SyncPolarity,SyncEnable,EventEnable,SyncRequestNumber
Bdma.I2C4_RX.1.SignalID=NONE
Bdma.I2C4_RX.1.SyncEnable=DISABLE
Bdma.I2C4_RX.1.SyncPolarity=HAL_DMAMUX_SYNC_NO_EVENT
Bdma.I2C4_RX.1.SyncRequestNumber=1
Bdma.I2C4_RX.1.SyncSignalID=NONE
Bdma.I2C4_TX.0.Direction=DMA_MEMORY_TO_PERIPH
Bdma.I2C4_TX.0.EventEnable=ENABLE
Bdma.I2C4_TX.0.Instance=BDMA_Channel0
Bdma.I2C4_TX.0.MemDataAlignment=DMA_MDATAALIGN_BYTE
Bdma.I2C4_TX.0.MemInc=DMA_MINC_ENABLE
Bdma.I2C4_TX.0.Mode=DMA_NORMAL
Bdma.I2C4_TX.0.PeriphDataAlignment=DMA_PDATAALIGN_BYTE
Bdma.I2C4_TX.0.PeriphInc=DMA_PINC_DISABLE
Bdma.I2C4_TX.0.Polarity=HAL_DMAMUX_REQ_GEN_RISING
Bdma.I2C4_TX.0.Priority=DMA_PRIORITY_LOW
Bdma.I2C4_TX.0.RequestNumber=1
Bdma.I2C4_TX.0.RequestParameters=Instance,Direction,PeriphInc,MemInc,PeriphDataAlignment,MemDataAlignment,Mode,Priority,SignalID,Polarity,RequestNumber,SyncSignalID,SyncPolarity,SyncEnable,EventEnable,SyncRequestNumber
Bdma.I2C4_TX.0.SignalID=NONE
Bdma.I2C4_TX.0.SyncEnable=DISABLE
Bdma.I2C4_TX.0.SyncPolarity=HAL_DMAMUX_SYNC_NO_EVENT
Bdma.I2C4_TX.0.SyncRequestNumber=1
Bdma.I2C4_TX.0.SyncSignalID=NONE
Bdma.Request0=I2C4_TX
Bdma.Request1=I2C4_RX
Bdma.RequestsNb=2
CAD.formats=[]
CAD.pinconfig=Project naming
CAD.provider=
Dma.ADC3.1.Direction=DMA_PERIPH_TO_MEMORY
Dma.ADC3.1.EventEnable=DISABLE
Dma.ADC3.1.FIFOMode=DMA_FIFOMODE_ENABLE
Dma.ADC3.1.FIFOThreshold=DMA_FIFO_THRESHOLD_HALFFULL
Dma.ADC3.1.Instance=DMA2_Stream7
Dma.ADC3.1.MemBurst=DMA_MBURST_SINGLE
Dma.ADC3.1.MemDataAlignment=DMA_MDATAALIGN_HALFWORD
Dma.ADC3.1.MemInc=DMA_MINC_ENABLE
Dma.ADC3.1.Mode=DMA_CIRCULAR
Dma.ADC3.1.PeriphBurst=DMA_PBURST_SINGLE
Dma.ADC3.1.PeriphDataAlignment=DMA_PDATAALIGN_HALFWORD
Dma.ADC3.1.PeriphInc=DMA_PINC_DISABLE
Dma.ADC3.1.Polarity=HAL_DMAMUX_REQ_GEN_RISING
Dma.ADC3.1.Priority=DMA_PRIORITY_VERY_HIGH
Dma.ADC3.1.RequestNumber=1
Dma.ADC3.1.RequestParameters=Instance,Direction,PeriphInc,MemInc,PeriphDataAlignment,MemDataAlignment,Mode,Priority,FIFOMode,FIFOThreshold,MemBurst,PeriphBurst,SignalID,Polarity,RequestNumber,SyncSignalID,SyncPolarity,SyncEnable,EventEnable,SyncRequestNumber
Dma.ADC3.1.SignalID=NONE
Dma.ADC3.1.SyncEnable=DISABLE
Dma.ADC3.1.SyncPolarity=HAL_DMAMUX_SYNC_NO_EVENT
Dma.ADC3.1.SyncRequestNumber=1
Dma.ADC3.1.SyncSignalID=NONE
Dma.MEMTOMEM.0.Direction=DMA_MEMORY_TO_MEMORY
Dma.MEMTOMEM.0.EventEnable=DISABLE
Dma.MEMTOMEM.0.FIFOMode=DMA_FIFOMODE_ENABLE
Dma.MEMTOMEM.0.FIFOThreshold=DMA_FIFO_THRESHOLD_FULL
Dma.MEMTOMEM.0.Instance=DMA1_Stream7
Dma.MEMTOMEM.0.MemBurst=DMA_MBURST_INC4
Dma.MEMTOMEM.0.MemDataAlignment=DMA_MDATAALIGN_WORD
Dma.MEMTOMEM.0.MemInc=DMA_MINC_ENABLE
Dma.MEMTOMEM.0.Mode=DMA_NORMAL
Dma.MEMTOMEM.0.PeriphBurst=DMA_PBURST_INC4
Dma.MEMTOMEM.0.PeriphDataAlignment=DMA_PDATAALIGN_WORD
Dma.MEMTOMEM.0.PeriphInc=DMA_PINC_ENABLE
Dma.MEMTOMEM.0.Polarity=HAL_DMAMUX_REQ_GEN_RISING
Dma.MEMTOMEM.0.Priority=DMA_PRIORITY_VERY_HIGH
Dma.MEMTOMEM.0.RequestNumber=1
Dma.MEMTOMEM.0.RequestParameters=Instance,Direction,PeriphInc,MemInc,PeriphDataAlignment,MemDataAlignment,Mode,Priority,FIFOMode,FIFOThreshold,MemBurst,PeriphBurst,SignalID,Polarity,RequestNumber,SyncSignalID,SyncPolarity,SyncEnable,EventEnable,SyncRequestNumber
Dma.MEMTOMEM.0.SignalID=NONE
Dma.MEMTOMEM.0.SyncEnable=DISABLE
Dma.MEMTOMEM.0.SyncPolarity=HAL_DMAMUX_SYNC_NO_EVENT
Dma.MEMTOMEM.0.SyncRequestNumber=1
Dma.MEMTOMEM.0.SyncSignalID=NONE
Dma.Request0=MEMTOMEM
Dma.Request1=ADC3
Dma.RequestsNb=2
FATFS.BSP.number=1
FATFS.IPParameters=_USE_LFN,_FS_EXFAT,USE_DMA_CODE_SD
FATFS.USE_DMA_CODE_SD=1
FATFS._FS_EXFAT=1
FATFS._USE_LFN=1
FATFS0.BSP.STBoard=false
FATFS0.BSP.api=Unknown
FATFS0.BSP.component=
FATFS0.BSP.condition=
FATFS0.BSP.instance=PG3
FATFS0.BSP.ip=GPIO
FATFS0.BSP.mode=Input
FATFS0.BSP.name=Detect_SDIO
FATFS0.BSP.semaphore=
FATFS0.BSP.solution=PG3
FMC.CASLatency1=FMC_SDRAM_CAS_LATENCY_2
FMC.ColumnBitsNumber1=FMC_SDRAM_COLUMN_BITS_NUM_9
FMC.ExitSelfRefreshDelay1=7
FMC.IPParameters=CASLatency1,LoadToActiveDelay1,ExitSelfRefreshDelay1,SelfRefreshTime1,RowCycleDelay1,RPDelay1,RCDDelay1,SDClockPeriod1,ReadBurst1,ColumnBitsNumber1,WriteRecoveryTime1,RowCycleDelay2,SDClockPeriod2,ReadPipeDelay1,ReadPipeDelay2
FMC.LoadToActiveDelay1=2
FMC.RCDDelay1=2
FMC.RPDelay1=2
FMC.ReadBurst1=FMC_SDRAM_RBURST_ENABLE
FMC.ReadPipeDelay1=FMC_SDRAM_RPIPE_DELAY_2
FMC.ReadPipeDelay2=FMC_SDRAM_RPIPE_DELAY_2
FMC.RowCycleDelay1=6
FMC.RowCycleDelay2=6
FMC.SDClockPeriod1=FMC_SDRAM_CLOCK_PERIOD_2
FMC.SDClockPeriod2=FMC_SDRAM_CLOCK_PERIOD_2
FMC.SelfRefreshTime1=5
FMC.WriteRecoveryTime1=3
File.Version=6
GPIO.groupedBy=Group By Peripherals
I2C1.IPParameters=Timing
I2C1.Timing=0x00C0EAFF
KeepUserPlacement=false
Mcu.CPN=STM32H750XBH6
Mcu.Family=STM32H7
Mcu.IP0=ADC3
Mcu.IP1=BDMA
Mcu.IP10=RCC
Mcu.IP11=RTC
Mcu.IP12=SDMMC1
Mcu.IP13=SYS
Mcu.IP14=TIM1
Mcu.IP15=TIM2
Mcu.IP16=TIM3
Mcu.IP17=TIM8
Mcu.IP18=VREFBUF
Mcu.IP2=CORTEX_M7
Mcu.IP3=DMA
Mcu.IP4=FATFS
Mcu.IP5=FMC
Mcu.IP6=I2C1
Mcu.IP7=I2C4
Mcu.IP8=MDMA
Mcu.IP9=NVIC
Mcu.IPNb=19
Mcu.Name=STM32H750XBHx
Mcu.Package=TFBGA240
Mcu.Pin0=PI6
Mcu.Pin1=PI5
Mcu.Pin10=PD3
Mcu.Pin100=PC4
Mcu.Pin101=PB1
Mcu.Pin102=PJ2
Mcu.Pin103=PF11
Mcu.Pin104=PG0
Mcu.Pin105=PE8
Mcu.Pin106=PE13
Mcu.Pin107=PH8
Mcu.Pin108=PD10
Mcu.Pin109=PD9
Mcu.Pin11=PC11
Mcu.Pin110=PA3
Mcu.Pin111=PC5
Mcu.Pin112=PB0
Mcu.Pin113=PJ3
Mcu.Pin114=PJ4
Mcu.Pin115=PG1
Mcu.Pin116=PE7
Mcu.Pin117=PE14
Mcu.Pin118=PH7
Mcu.Pin119=PD8
Mcu.Pin12=PC15-OSC32_OUT (OSC32_OUT)
Mcu.Pin120=VP_FATFS_VS_SDIO
Mcu.Pin121=VP_RTC_VS_RTC_Activate
Mcu.Pin122=VP_RTC_VS_RTC_Calendar
Mcu.Pin123=VP_SYS_VS_Systick
Mcu.Pin124=VP_TIM1_VS_ClockSourceINT
Mcu.Pin125=VP_TIM1_VS_OPM
Mcu.Pin126=VP_TIM2_VS_ControllerModeTrigger
Mcu.Pin127=VP_TIM2_VS_ClockSourceINT
Mcu.Pin128=VP_TIM2_VS_ClockSourceITR
Mcu.Pin129=VP_TIM2_VS_OPM
Mcu.Pin13=PC14-OSC32_IN (OSC32_IN)
Mcu.Pin130=VP_TIM3_VS_ControllerModeGated
Mcu.Pin131=VP_TIM3_VS_ClockSourceINT
Mcu.Pin132=VP_TIM3_VS_ClockSourceITR
Mcu.Pin133=VP_TIM8_VS_ControllerModeTrigger
Mcu.Pin134=VP_TIM8_VS_ClockSourceINT
Mcu.Pin135=VP_TIM8_VS_OPM
Mcu.Pin136=VP_VREFBUF_V_VREFBUF
Mcu.Pin14=PE0
Mcu.Pin15=PB7
Mcu.Pin16=PB3 (JTDO/TRACESWO)
Mcu.Pin17=PK6
Mcu.Pin18=PK3
Mcu.Pin19=PG12
Mcu.Pin2=PK5
Mcu.Pin20=PC12
Mcu.Pin21=PI3
Mcu.Pin22=PG15
Mcu.Pin23=PG14
Mcu.Pin24=PJ12
Mcu.Pin25=PD2
Mcu.Pin26=PD0
Mcu.Pin27=PA10
Mcu.Pin28=PA9
Mcu.Pin29=PI8
Mcu.Pin3=PD5
Mcu.Pin30=PJ13
Mcu.Pin31=PD1
Mcu.Pin32=PC8
Mcu.Pin33=PC9
Mcu.Pin34=PA8
Mcu.Pin35=PA12
Mcu.Pin36=PA11
Mcu.Pin37=PC7
Mcu.Pin38=PC6
Mcu.Pin39=PG8
Mcu.Pin4=PC10
Mcu.Pin40=PG7
Mcu.Pin41=PF2
Mcu.Pin42=PF1
Mcu.Pin43=PF0
Mcu.Pin44=PG5
Mcu.Pin45=PG6
Mcu.Pin46=PI12
Mcu.Pin47=PI13
Mcu.Pin48=PI14
Mcu.Pin49=PF3
Mcu.Pin5=PA15 (JTDI)
Mcu.Pin50=PG4
Mcu.Pin51=PG3
Mcu.Pin52=PG2
Mcu.Pin53=PK2
Mcu.Pin54=PH1-OSC_OUT (PH1)
Mcu.Pin55=PH0-OSC_IN (PH0)
Mcu.Pin56=PF5
Mcu.Pin57=PF4
Mcu.Pin58=PK1
Mcu.Pin59=PF7
Mcu.Pin6=PI7
Mcu.Pin60=PJ11
Mcu.Pin61=PJ10
Mcu.Pin62=PC1
Mcu.Pin63=PC2
Mcu.Pin64=PC3
Mcu.Pin65=PJ9
Mcu.Pin66=PH2
Mcu.Pin67=PA2
Mcu.Pin68=PA1
Mcu.Pin69=PJ0
Mcu.Pin7=PE1
Mcu.Pin70=PE10
Mcu.Pin71=PJ8
Mcu.Pin72=PJ7
Mcu.Pin73=PJ6
Mcu.Pin74=PH3
Mcu.Pin75=PH4
Mcu.Pin76=PH5
Mcu.Pin77=PI15
Mcu.Pin78=PJ1
Mcu.Pin79=PF13
Mcu.Pin8=PB6
Mcu.Pin80=PF14
Mcu.Pin81=PE9
Mcu.Pin82=PE11
Mcu.Pin83=PB10
Mcu.Pin84=PB11
Mcu.Pin85=PH10
Mcu.Pin86=PH11
Mcu.Pin87=PD15
Mcu.Pin88=PD14
Mcu.Pin89=PC2_C
Mcu.Pin9=PK4
Mcu.Pin90=PA6
Mcu.Pin91=PA7
Mcu.Pin92=PB2
Mcu.Pin93=PF12
Mcu.Pin94=PF15
Mcu.Pin95=PE12
Mcu.Pin96=PE15
Mcu.Pin97=PH9
Mcu.Pin98=PH12
Mcu.Pin99=PD13
Mcu.PinsNb=137
Mcu.ThirdPartyNb=0
Mcu.UserConstants=BlankTime,(1800-1);Usec,100;TIMEDenom,8;Exposure,(8000);NumLines,1000;TIMENumer,5;Npixels,4096
Mcu.UserName=STM32H750XBHx
Mdma.MDMA_Channel0.Request0=SDMMC1_COMMAND_END
Mdma.MDMA_Channel0.RequestsNb=1
Mdma.MDMA_Channel0.SDMMC1_COMMAND_END.0.BlockCount=0
Mdma.MDMA_Channel0.SDMMC1_COMMAND_END.0.BlockDataLength=0
Mdma.MDMA_Channel0.SDMMC1_COMMAND_END.0.BufferTransferLength=1
Mdma.MDMA_Channel0.SDMMC1_COMMAND_END.0.CircularMode=MDMA_LINEAR_LIST
Mdma.MDMA_Channel0.SDMMC1_COMMAND_END.0.DataAlignment=MDMA_DATAALIGN_PACKENABLE
Mdma.MDMA_Channel0.SDMMC1_COMMAND_END.0.DestBlockAddressOffset=0
Mdma.MDMA_Channel0.SDMMC1_COMMAND_END.0.DestBurst=MDMA_DEST_BURST_SINGLE
Mdma.MDMA_Channel0.SDMMC1_COMMAND_END.0.DestDataSize=MDMA_DEST_DATASIZE_WORD
Mdma.MDMA_Channel0.SDMMC1_COMMAND_END.0.DestinationInc=MDMA_DEST_INC_WORD
Mdma.MDMA_Channel0.SDMMC1_COMMAND_END.0.DstAddress=0
Mdma.MDMA_Channel0.SDMMC1_COMMAND_END.0.Endianness=MDMA_LITTLE_ENDIANNESS_PRESERVE
Mdma.MDMA_Channel0.SDMMC1_COMMAND_END.0.Instance=MDMA_Channel0
Mdma.MDMA_Channel0.SDMMC1_COMMAND_END.0.MaskAddress=0
Mdma.MDMA_Channel0.SDMMC1_COMMAND_END.0.MaskData=0
Mdma.MDMA_Channel0.SDMMC1_COMMAND_END.0.Priority=MDMA_PRIORITY_LOW
Mdma.MDMA_Channel0.SDMMC1_COMMAND_END.0.Rank=First
Mdma.MDMA_Channel0.SDMMC1_COMMAND_END.0.RequestParameters=Instance,CircularMode,TransferTriggerMode,Priority,Endianness,SourceInc,DestinationInc,SourceDataSize,DestDataSize,DataAlignment,BufferTransferLength,SourceBurst,DestBurst,SourceBlockAddressOffset,DestBlockAddressOffset,MaskAddress,MaskData,SrcAddress,DstAddress,BlockDataLength,BlockCount,Rank
Mdma.MDMA_Channel0.SDMMC1_COMMAND_END.0.SourceBlockAddressOffset=0
Mdma.MDMA_Channel0.SDMMC1_COMMAND_END.0.SourceBurst=MDMA_SOURCE_BURST_SINGLE
Mdma.MDMA_Channel0.SDMMC1_COMMAND_END.0.SourceDataSize=MDMA_SRC_DATASIZE_WORD
Mdma.MDMA_Channel0.SDMMC1_COMMAND_END.0.SourceInc=MDMA_SRC_INC_WORD
Mdma.MDMA_Channel0.SDMMC1_COMMAND_END.0.SrcAddress=0
Mdma.MDMA_Channel0.SDMMC1_COMMAND_END.0.TransferTriggerMode=MDMA_BUFFER_TRANSFER
Mdma.RequestSet0=MDMA_Channel0
Mdma.RequestSetsNb=1
MxCube.Version=6.12.0
MxDb.Version=DB.6.0.120
NVIC.ADC3_IRQn=true\:0\:0\:false\:false\:true\:true\:true\:true
NVIC.BDMA_Channel0_IRQn=true\:0\:0\:false\:false\:true\:false\:true\:true
NVIC.BDMA_Channel1_IRQn=true\:0\:0\:false\:false\:true\:false\:true\:true
NVIC.BusFault_IRQn=true\:0\:0\:false\:false\:true\:false\:false\:false
NVIC.DMA1_Stream7_IRQn=true\:0\:0\:false\:false\:true\:true\:true\:true
NVIC.DMA2_Stream7_IRQn=true\:0\:0\:false\:false\:true\:false\:true\:true
NVIC.DMAMUX2_OVR_IRQn=true\:0\:0\:false\:false\:true\:false\:true\:true
NVIC.DebugMonitor_IRQn=true\:0\:0\:false\:false\:true\:false\:false\:false
NVIC.ForceEnableDMAVector=true
NVIC.HardFault_IRQn=true\:0\:0\:false\:false\:true\:false\:false\:false
NVIC.I2C4_ER_IRQn=true\:0\:0\:false\:false\:true\:true\:true\:true
NVIC.I2C4_EV_IRQn=true\:0\:0\:false\:false\:true\:true\:true\:true
NVIC.MDMA_IRQn=true\:0\:0\:false\:false\:true\:false\:true\:true
NVIC.MemoryManagement_IRQn=true\:0\:0\:false\:false\:true\:false\:false\:false
NVIC.NonMaskableInt_IRQn=true\:0\:0\:false\:false\:true\:false\:false\:false
NVIC.PendSV_IRQn=true\:0\:0\:false\:false\:true\:false\:false\:false
NVIC.PriorityGroup=NVIC_PRIORITYGROUP_4
NVIC.SDMMC1_IRQn=true\:0\:0\:false\:false\:true\:true\:true\:true
NVIC.SVCall_IRQn=true\:0\:0\:false\:false\:true\:false\:false\:false
NVIC.SysTick_IRQn=true\:15\:0\:false\:false\:true\:false\:true\:false
NVIC.TIM1_TRG_COM_IRQn=true\:0\:0\:false\:false\:true\:true\:true\:true
NVIC.TIM1_UP_IRQn=true\:0\:0\:false\:false\:true\:true\:true\:true
NVIC.TIM2_IRQn=true\:0\:0\:false\:false\:true\:true\:true\:true
NVIC.TIM3_IRQn=true\:0\:0\:false\:false\:true\:true\:true\:true
NVIC.TIM8_TRG_COM_TIM14_IRQn=true\:0\:0\:false\:false\:true\:true\:true\:true
NVIC.TIM8_UP_TIM13_IRQn=true\:0\:0\:false\:false\:true\:true\:true\:true
NVIC.UsageFault_IRQn=true\:0\:0\:false\:false\:true\:false\:false\:false
PA1.GPIOParameters=GPIO_Speed
PA1.GPIO_Speed=GPIO_SPEED_FREQ_HIGH
PA1.Signal=S_TIM2_CH2
PA10.GPIOParameters=GPIO_Speed,GPIO_Label
PA10.GPIO_Label=ROG
PA10.GPIO_Speed=GPIO_SPEED_FREQ_HIGH
PA10.Signal=S_TIM1_CH3
PA11.GPIOParameters=GPIO_Label
PA11.GPIO_Label=LED7
PA11.Locked=true
PA11.Signal=GPIO_Output
PA12.GPIOParameters=GPIO_Label
PA12.GPIO_Label=LED8
PA12.Locked=true
PA12.Signal=GPIO_Output
PA15\ (JTDI).GPIOParameters=GPIO_Speed
PA15\ (JTDI).GPIO_Speed=GPIO_SPEED_FREQ_HIGH
PA15\ (JTDI).Signal=S_TIM2_CH1_ETR
PA2.GPIOParameters=GPIO_Label
PA2.GPIO_Label=LED5
PA2.Locked=true
PA2.Signal=GPIO_Output
PA3.GPIOParameters=GPIO_PuPd,GPIO_Label
PA3.GPIO_Label=LED6
PA3.GPIO_PuPd=GPIO_PULLDOWN
PA3.Locked=true
PA3.Signal=GPIO_Output
PA6.GPIOParameters=GPIO_PuPd,GPIO_Label
PA6.GPIO_Label=JOYstickPB
PA6.GPIO_PuPd=GPIO_PULLUP
PA6.Locked=true
PA6.Signal=GPXTI6
PA7.GPIOParameters=GPIO_Label
PA7.GPIO_Label=LED4
PA7.Locked=true
PA7.Signal=GPIO_Output
PA8.GPIOParameters=GPIO_Speed
PA8.GPIO_Speed=GPIO_SPEED_FREQ_HIGH
PA8.Signal=S_TIM1_CH1
PA9.GPIOParameters=GPIO_Speed
PA9.GPIO_Speed=GPIO_SPEED_FREQ_HIGH
PA9.Signal=S_TIM1_CH2
PB0.GPIOParameters=PinState,GPIO_Label
PB0.GPIO_Label=SensorPWRenable
PB0.Locked=true
PB0.PinState=GPIO_PIN_SET
PB0.Signal=GPIO_Output
PB1.GPIOParameters=GPIO_PuPd,GPIO_Label
PB1.GPIO_Label=JOYstick4
PB1.GPIO_PuPd=GPIO_PULLUP
PB1.Locked=true
PB1.Signal=GPIO_Input
PB10.Locked=true
PB10.Signal=USART3_TX
PB11.Signal=S_TIM2_CH4
PB2.GPIOParameters=GPIO_PuPd,GPIO_Label
PB2.GPIO_Label=JOYstick3
PB2.GPIO_PuPd=GPIO_PULLUP
PB2.Locked=true
PB2.Signal=GPIO_Input
PB3\ (JTDO/TRACESWO).Locked=true
PB3\ (JTDO/TRACESWO).Signal=SDMMC2_D2
PB6.Locked=true
PB6.Mode=I2C
PB6.Signal=I2C1_SCL
PB7.Locked=true
PB7.Mode=I2C
PB7.Signal=I2C1_SDA
PC1.GPIOParameters=GPIO_Label
PC1.GPIO_Label=LED3
PC1.Locked=true
PC1.Signal=GPIO_Output
PC10.Mode=SD_4_bits_Wide_bus
PC10.Signal=SDMMC1_D2
PC11.Mode=SD_4_bits_Wide_bus
PC11.Signal=SDMMC1_D3
PC12.Mode=SD_4_bits_Wide_bus
PC12.Signal=SDMMC1_CK
PC14-OSC32_IN\ (OSC32_IN).Mode=LSE-External-Oscillator
PC14-OSC32_IN\ (OSC32_IN).Signal=RCC_OSC32_IN
PC15-OSC32_OUT\ (OSC32_OUT).Locked=true
PC15-OSC32_OUT\ (OSC32_OUT).Mode=LSE-External-Oscillator
PC15-OSC32_OUT\ (OSC32_OUT).Signal=RCC_OSC32_OUT
PC2.Mode=SdramChipSelect1_1
PC2.Signal=FMC_SDNE0
PC2_C.Mode=IN0-Single-Ended
PC2_C.Signal=ADC3_INP0
PC3.Mode=SdramChipSelect1_1
PC3.Signal=FMC_SDCKE0
PC4.GPIOParameters=GPIO_Label
PC4.GPIO_Label=LED1
PC4.Locked=true
PC4.Signal=GPIO_Output
PC5.GPIOParameters=GPIO_Label
PC5.GPIO_Label=LED2
PC5.Locked=true
PC5.Signal=GPIO_Output
PC6.GPIOParameters=GPIO_Speed,GPIO_Label
PC6.GPIO_Label=sensorClk
PC6.GPIO_Speed=GPIO_SPEED_FREQ_HIGH
PC6.Signal=S_TIM3_CH1
PC7.GPIOParameters=GPIO_Speed
PC7.GPIO_Speed=GPIO_SPEED_FREQ_HIGH
PC7.Signal=S_TIM3_CH2
PC8.Mode=SD_4_bits_Wide_bus
PC8.Signal=SDMMC1_D0
PC9.Mode=SD_4_bits_Wide_bus
PC9.Signal=SDMMC1_D1
PD0.Signal=FMC_D2_DA2
PD1.Signal=FMC_D3_DA3
PD10.Signal=FMC_D15_DA15
PD13.GPIOParameters=GPIO_Label
PD13.GPIO_Label=SDwrt
PD13.Locked=true
PD13.Signal=GPIO_Output
PD14.Signal=FMC_D0_DA0
PD15.Signal=FMC_D1_DA1
PD2.Mode=SD_4_bits_Wide_bus
PD2.Signal=SDMMC1_CMD
PD3.GPIOParameters=GPIO_Label
PD3.GPIO_Label=TS_RST
PD3.Locked=true
PD3.Signal=GPIO_Output
PD5.Locked=true
PD5.Signal=GPIO_Input
PD8.Signal=FMC_D13_DA13
PD9.Signal=FMC_D14_DA14
PE0.Signal=FMC_NBL0
PE1.Signal=FMC_NBL1
PE10.Signal=FMC_D7_DA7
PE11.Signal=FMC_D8_DA8
PE12.Signal=FMC_D9_DA9
PE13.Signal=FMC_D10_DA10
PE14.Signal=FMC_D11_DA11
PE15.Signal=FMC_D12_DA12
PE7.Signal=FMC_D4_DA4
PE8.Signal=FMC_D5_DA5
PE9.Signal=FMC_D6_DA6
PF0.Signal=FMC_A0
PF1.Signal=FMC_A1
PF11.Signal=FMC_SDNRAS
PF12.Signal=FMC_A6
PF13.Signal=FMC_A7
PF14.Signal=FMC_A8
PF15.Signal=FMC_A9
PF2.Signal=FMC_A2
PF3.Signal=FMC_A3
PF4.Signal=FMC_A4
PF5.Signal=FMC_A5
PF7.Locked=true
PF7.Signal=QUADSPI_BK1_IO2
PG0.Signal=FMC_A10
PG1.Signal=FMC_A11
PG12.GPIOParameters=GPIO_PuPd,GPIO_Label
PG12.GPIO_Label=TS_IIC_INT
PG12.GPIO_PuPd=GPIO_PULLUP
PG12.Locked=true
PG12.Signal=GPIO_Input
PG14.GPIOParameters=GPIO_PuPd,GPIO_Label
PG14.GPIO_Label=Enable9
PG14.GPIO_PuPd=GPIO_PULLUP
PG14.Locked=true
PG14.Signal=GPIO_Output
PG15.Signal=FMC_SDNCAS
PG2.Signal=FMC_A12
PG3.GPIOParameters=GPIO_PuPd,GPIO_Label
PG3.GPIO_Label=SD_CD
PG3.GPIO_PuPd=GPIO_PULLDOWN
PG3.Locked=true
PG3.Signal=GPIO_Input
PG4.Signal=FMC_A14_BA0
PG5.Signal=FMC_A15_BA1
PG6.Locked=true
PG6.Signal=QUADSPI_BK1_NCS
PG7.GPIOParameters=GPIO_Label
PG7.GPIO_Label=DMAxfr
PG7.Locked=true
PG7.Signal=GPIO_Output
PG8.Signal=FMC_SDCLK
PH0-OSC_IN\ (PH0).Mode=HSE-External-Oscillator
PH0-OSC_IN\ (PH0).Signal=RCC_OSC_IN
PH1-OSC_OUT\ (PH1).Mode=HSE-External-Oscillator
PH1-OSC_OUT\ (PH1).Signal=RCC_OSC_OUT
PH10.GPIOParameters=GPIO_Label
PH10.GPIO_Label=ADCCplt
PH10.Locked=true
PH10.Signal=GPIO_Output
PH11.GPIOParameters=GPIO_Label
PH11.GPIO_Label=LCD_SCL
PH11.Locked=true
PH11.Mode=I2C
PH11.Signal=I2C4_SCL
PH12.GPIOParameters=GPIO_Label
PH12.GPIO_Label=LCD_SDA
PH12.Locked=true
PH12.Mode=I2C
PH12.Signal=I2C4_SDA
PH2.GPIOParameters=GPIO_PuPd,GPIO_Label
PH2.GPIO_Label=JOYstick2
PH2.GPIO_PuPd=GPIO_PULLUP
PH2.Locked=true
PH2.Signal=GPIO_Input
PH3.GPIOParameters=GPIO_PuPd,GPIO_Label
PH3.GPIO_Label=JOYstick1
PH3.GPIO_PuPd=GPIO_PULLUP
PH3.Locked=true
PH3.Signal=GPIO_Input
PH4.GPIOParameters=GPIO_Label
PH4.GPIO_Label=TimeSet
PH4.Locked=true
PH4.Signal=GPIO_Input
PH5.Locked=true
PH5.Signal=FMC_SDNWE
PH7.GPIOParameters=GPIO_Label
PH7.GPIO_Label=Tim1Cplt
PH7.Locked=true
PH7.Signal=GPIO_Output
PH8.GPIOParameters=GPIO_Label
PH8.GPIO_Label=Tim8Cplt_Pin
PH8.Locked=true
PH8.Signal=GPIO_Output
PH9.GPIOParameters=GPIO_Label
PH9.GPIO_Label=Trigger
PH9.Locked=true
PH9.Signal=GPIO_Output
PI12.Locked=true
PI12.Signal=LTDC_HSYNC
PI13.Locked=true
PI13.Signal=LTDC_VSYNC
PI14.Locked=true
PI14.Signal=LTDC_CLK
PI15.Locked=true
PI15.Signal=LTDC_R0
PI3.Locked=true
PI3.Signal=S_TIM8_ETR
PI5.GPIOParameters=GPIO_Speed
PI5.GPIO_Speed=GPIO_SPEED_FREQ_HIGH
PI5.Signal=S_TIM8_CH1
PI6.Signal=S_TIM8_CH2
PI7.Signal=S_TIM8_CH3
PI8.GPIOParameters=GPIO_PuPd,GPIO_Label
PI8.GPIO_Label=BLUEled
PI8.GPIO_PuPd=GPIO_PULLUP
PI8.Locked=true
PI8.Signal=GPIO_Output
PJ0.Locked=true
PJ0.Signal=LTDC_R1
PJ1.Locked=true
PJ1.Signal=LTDC_R2
PJ10.Locked=true
PJ10.Signal=LTDC_G3
PJ11.Locked=true
PJ11.Signal=LTDC_G4
PJ12.Locked=true
PJ12.Signal=LTDC_B0
PJ13.Locked=true
PJ13.Signal=LTDC_B1
PJ2.Locked=true
PJ2.Signal=LTDC_R3
PJ3.Locked=true
PJ3.Signal=LTDC_R4
PJ4.Locked=true
PJ4.Signal=LTDC_R5
PJ6.Locked=true
PJ6.Signal=LTDC_R7
PJ7.Locked=true
PJ7.Signal=LTDC_G0
PJ8.Locked=true
PJ8.Signal=LTDC_G1
PJ9.Locked=true
PJ9.Signal=LTDC_G2
PK1.Locked=true
PK1.Signal=LTDC_G6
PK2.Locked=true
PK2.Signal=LTDC_G7
PK3.Locked=true
PK3.Signal=LTDC_B4
PK4.Locked=true
PK4.Signal=LTDC_B5
PK5.Locked=true
PK5.Signal=LTDC_B6
PK6.Locked=true
PK6.Signal=LTDC_B7
PinOutPanel.CurrentBGAView=Top
PinOutPanel.RotationAngle=0
ProjectManager.AskForMigrate=true
ProjectManager.BackupPrevious=false
ProjectManager.CompilerOptimize=6
ProjectManager.ComputerToolchain=false
ProjectManager.CoupleFile=true
ProjectManager.CustomerFirmwarePackage=
ProjectManager.DefaultFWLocation=true
ProjectManager.DeletePrevious=true
ProjectManager.DeviceId=STM32H750XBHx
ProjectManager.FirmwarePackage=STM32Cube FW_H7 V1.11.2
ProjectManager.FreePins=false
ProjectManager.HalAssertFull=false
ProjectManager.HeapSize=0x800
ProjectManager.KeepUserCode=true
ProjectManager.LastFirmware=true
ProjectManager.LibraryCopy=1
ProjectManager.MainLocation=Core/Src
ProjectManager.NoMain=false
ProjectManager.PreviousToolchain=
ProjectManager.ProjectBuild=false
ProjectManager.ProjectFileName=Art-PI750_4k.ioc
ProjectManager.ProjectName=Art-PI750_4k
ProjectManager.ProjectStructure=
ProjectManager.RegisterCallBack=ADC,SDRAM,I2C,MMC,SD,TIM
ProjectManager.StackSize=0x1600
ProjectManager.TargetToolchain=STM32CubeIDE
ProjectManager.ToolChainLocation=
ProjectManager.UAScriptAfterPath=
ProjectManager.UAScriptBeforePath=
ProjectManager.UnderRoot=true
ProjectManager.functionlistsort=1-SystemClock_Config-RCC-false-HAL-false,2-MX_GPIO_Init-GPIO-false-HAL-true,3-MX_DMA_Init-DMA-false-HAL-true,4-MX_MDMA_Init-MDMA-false-HAL-true,5-MX_BDMA_Init-BDMA-false-HAL-true,6-MX_TIM3_Init-TIM3-false-HAL-true,7-MX_TIM8_Init-TIM8-false-HAL-true,8-MX_TIM1_Init-TIM1-false-HAL-true,9-MX_TIM2_Init-TIM2-false-HAL-true,10-MX_FATFS_Init-FATFS-false-HAL-false,11-MX_RTC_Init-RTC-false-HAL-true,12-MX_SDMMC1_SD_Init-SDMMC1-false-HAL-true,13-MX_ADC3_Init-ADC3-false-HAL-true,14-MX_FMC_Init-FMC-false-HAL-true,15-MX_I2C4_Init-I2C4-false-HAL-true,16-MX_I2C1_Init-I2C1-false-HAL-true,0-MX_CORTEX_M7_Init-CORTEX_M7-false-HAL-true,0-MX_VREFBUF_Init-VREFBUF-false-HAL-true
RCC.ADCCLockSelection=RCC_ADCCLKSOURCE_PLL3
RCC.ADCFreq_Value=50000000
RCC.AHB12Freq_Value=200000000
RCC.AHB4Freq_Value=200000000
RCC.APB1Freq_Value=50000000
RCC.APB2Freq_Value=50000000
RCC.APB3Freq_Value=100000000
RCC.APB4Freq_Value=100000000
RCC.AXIClockFreq_Value=200000000
RCC.CECFreq_Value=32000
RCC.CKPERFreq_Value=64000000
RCC.CortexFreq_Value=400000000
RCC.CpuClockFreq_Value=400000000
RCC.D1CPREFreq_Value=400000000
RCC.D1PPRE=RCC_APB3_DIV2
RCC.D2PPRE1=RCC_APB1_DIV4
RCC.D2PPRE2=RCC_APB2_DIV4
RCC.D3PPRE=RCC_APB4_DIV2
RCC.DFSDMACLkFreq_Value=40000000
RCC.DFSDMFreq_Value=50000000
RCC.DIVM1=5
RCC.DIVM2=25
RCC.DIVM3=5
RCC.DIVN1=160
RCC.DIVN2=192
RCC.DIVN3=30
RCC.DIVP1Freq_Value=400000000
RCC.DIVP2=4
RCC.DIVP2Freq_Value=48000000
RCC.DIVP3Freq_Value=75000000
RCC.DIVQ1=20
RCC.DIVQ1Freq_Value=40000000
RCC.DIVQ2Freq_Value=96000000
RCC.DIVQ3Freq_Value=75000000
RCC.DIVR1Freq_Value=400000000
RCC.DIVR2=5
RCC.DIVR2Freq_Value=38400000
RCC.DIVR3=3
RCC.DIVR3Freq_Value=50000000
RCC.FDCANFreq_Value=40000000
RCC.FMCCLockSelection=RCC_FMCCLKSOURCE_PLL
RCC.FMCFreq_Value=40000000
RCC.FamilyName=M
RCC.HCLK3ClockFreq_Value=200000000
RCC.HCLKFreq_Value=200000000
RCC.HPRE=RCC_HCLK_DIV2
RCC.HRTIMFreq_Value=100000000
RCC.I2C123Freq_Value=50000000
RCC.I2C4CLockSelection=RCC_I2C4CLKSOURCE_HSI
RCC.I2C4Freq_Value=64000000
RCC.IPParameters=ADCCLockSelection,ADCFreq_Value,AHB12Freq_Value,AHB4Freq_Value,APB1Freq_Value,APB2Freq_Value,APB3Freq_Value,APB4Freq_Value,AXIClockFreq_Value,CECFreq_Value,CKPERFreq_Value,CortexFreq_Value,CpuClockFreq_Value,D1CPREFreq_Value,D1PPRE,D2PPRE1,D2PPRE2,D3PPRE,DFSDMACLkFreq_Value,DFSDMFreq_Value,DIVM1,DIVM2,DIVM3,DIVN1,DIVN2,DIVN3,DIVP1Freq_Value,DIVP2,DIVP2Freq_Value,DIVP3Freq_Value,DIVQ1,DIVQ1Freq_Value,DIVQ2Freq_Value,DIVQ3Freq_Value,DIVR1Freq_Value,DIVR2,DIVR2Freq_Value,DIVR3,DIVR3Freq_Value,FDCANFreq_Value,FMCCLockSelection,FMCFreq_Value,FamilyName,HCLK3ClockFreq_Value,HCLKFreq_Value,HPRE,HRTIMFreq_Value,I2C123Freq_Value,I2C4CLockSelection,I2C4Freq_Value,LPTIM1Freq_Value,LPTIM2Freq_Value,LPTIM345Freq_Value,LPUART1Freq_Value,LTDCFreq_Value,MCO1PinFreq_Value,MCO2PinFreq_Value,PLLSourceVirtual,PWR_Regulator_Voltage_Scale,QSPICLockSelection,QSPIFreq_Value,RNGFreq_Value,RTCClockSelection,RTCFreq_Value,SAI1Freq_Value,SAI23Freq_Value,SAI4AFreq_Value,SAI4BFreq_Value,SDMMCFreq_Value,SPDIFRXFreq_Value,SPI123Freq_Value,SPI45Freq_Value,SPI6Freq_Value,SWPMI1Freq_Value,SYSCLKFreq_VALUE,SYSCLKSource,Tim1OutputFreq_Value,Tim2OutputFreq_Value,TraceFreq_Value,USART16Freq_Value,USART234578Freq_Value,USBFreq_Value,VCO1OutputFreq_Value,VCO2OutputFreq_Value,VCO3OutputFreq_Value,VCOInput1Freq_Value,VCOInput2Freq_Value,VCOInput3Freq_Value
RCC.LPTIM1Freq_Value=50000000
RCC.LPTIM2Freq_Value=100000000
RCC.LPTIM345Freq_Value=100000000
RCC.LPUART1Freq_Value=100000000
RCC.LTDCFreq_Value=50000000
RCC.MCO1PinFreq_Value=64000000
RCC.MCO2PinFreq_Value=400000000
RCC.PLLSourceVirtual=RCC_PLLSOURCE_HSE
RCC.PWR_Regulator_Voltage_Scale=PWR_REGULATOR_VOLTAGE_SCALE1
RCC.QSPICLockSelection=RCC_QSPICLKSOURCE_PLL
RCC.QSPIFreq_Value=40000000
RCC.RNGFreq_Value=48000000
RCC.RTCClockSelection=RCC_RTCCLKSOURCE_LSE
RCC.RTCFreq_Value=32768
RCC.SAI1Freq_Value=40000000
RCC.SAI23Freq_Value=40000000
RCC.SAI4AFreq_Value=40000000
RCC.SAI4BFreq_Value=40000000
RCC.SDMMCFreq_Value=40000000
RCC.SPDIFRXFreq_Value=40000000
RCC.SPI123Freq_Value=40000000
RCC.SPI45Freq_Value=50000000
RCC.SPI6Freq_Value=100000000
RCC.SWPMI1Freq_Value=50000000
RCC.SYSCLKFreq_VALUE=400000000
RCC.SYSCLKSource=RCC_SYSCLKSOURCE_PLLCLK
RCC.Tim1OutputFreq_Value=100000000
RCC.Tim2OutputFreq_Value=100000000
RCC.TraceFreq_Value=64000000
RCC.USART16Freq_Value=50000000
RCC.USART234578Freq_Value=50000000
RCC.USBFreq_Value=40000000
RCC.VCO1OutputFreq_Value=800000000
RCC.VCO2OutputFreq_Value=192000000
RCC.VCO3OutputFreq_Value=150000000
RCC.VCOInput1Freq_Value=5000000
RCC.VCOInput2Freq_Value=1000000
RCC.VCOInput3Freq_Value=5000000
RTC.Date=2
RTC.Hours=13
RTC.IPParameters=StoreOperation,Month,Year,WeekDay,Date,Hours,Minutes
RTC.Minutes=30
RTC.Month=RTC_MONTH_NOVEMBER
RTC.StoreOperation=RTC_STOREOPERATION_SET
RTC.WeekDay=RTC_WEEKDAY_SUNDAY
RTC.Year=23
SDMMC1.ClockDiv=2
SDMMC1.HardwareFlowControl=SDMMC_HARDWARE_FLOW_CONTROL_DISABLE
SDMMC1.IPParameters=HardwareFlowControl,ClockDiv
SH.FMC_A0.0=FMC_A0,13b-sda1
SH.FMC_A0.ConfNb=1
SH.FMC_A1.0=FMC_A1,13b-sda1
SH.FMC_A1.ConfNb=1
SH.FMC_A10.0=FMC_A10,13b-sda1
SH.FMC_A10.ConfNb=1
SH.FMC_A11.0=FMC_A11,13b-sda1
SH.FMC_A11.ConfNb=1
SH.FMC_A12.0=FMC_A12,13b-sda1
SH.FMC_A12.ConfNb=1
SH.FMC_A14_BA0.0=FMC_BA0,FourSdramBanks1
SH.FMC_A14_BA0.ConfNb=1
SH.FMC_A15_BA1.0=FMC_BA1,FourSdramBanks1
SH.FMC_A15_BA1.ConfNb=1
SH.FMC_A2.0=FMC_A2,13b-sda1
SH.FMC_A2.ConfNb=1
SH.FMC_A3.0=FMC_A3,13b-sda1
SH.FMC_A3.ConfNb=1
SH.FMC_A4.0=FMC_A4,13b-sda1
SH.FMC_A4.ConfNb=1
SH.FMC_A5.0=FMC_A5,13b-sda1
SH.FMC_A5.ConfNb=1
SH.FMC_A6.0=FMC_A6,13b-sda1
SH.FMC_A6.ConfNb=1
SH.FMC_A7.0=FMC_A7,13b-sda1
SH.FMC_A7.ConfNb=1
SH.FMC_A8.0=FMC_A8,13b-sda1
SH.FMC_A8.ConfNb=1
SH.FMC_A9.0=FMC_A9,13b-sda1
SH.FMC_A9.ConfNb=1
SH.FMC_D0_DA0.0=FMC_D0,sd-16b-d1
SH.FMC_D0_DA0.ConfNb=1
SH.FMC_D10_DA10.0=FMC_D10,sd-16b-d1
SH.FMC_D10_DA10.ConfNb=1
SH.FMC_D11_DA11.0=FMC_D11,sd-16b-d1
SH.FMC_D11_DA11.ConfNb=1
SH.FMC_D12_DA12.0=FMC_D12,sd-16b-d1
SH.FMC_D12_DA12.ConfNb=1
SH.FMC_D13_DA13.0=FMC_D13,sd-16b-d1
SH.FMC_D13_DA13.ConfNb=1
SH.FMC_D14_DA14.0=FMC_D14,sd-16b-d1
SH.FMC_D14_DA14.ConfNb=1
SH.FMC_D15_DA15.0=FMC_D15,sd-16b-d1
SH.FMC_D15_DA15.ConfNb=1
SH.FMC_D1_DA1.0=FMC_D1,sd-16b-d1
SH.FMC_D1_DA1.ConfNb=1
SH.FMC_D2_DA2.0=FMC_D2,sd-16b-d1
SH.FMC_D2_DA2.ConfNb=1
SH.FMC_D3_DA3.0=FMC_D3,sd-16b-d1
SH.FMC_D3_DA3.ConfNb=1
SH.FMC_D4_DA4.0=FMC_D4,sd-16b-d1
SH.FMC_D4_DA4.ConfNb=1
SH.FMC_D5_DA5.0=FMC_D5,sd-16b-d1
SH.FMC_D5_DA5.ConfNb=1
SH.FMC_D6_DA6.0=FMC_D6,sd-16b-d1
SH.FMC_D6_DA6.ConfNb=1
SH.FMC_D7_DA7.0=FMC_D7,sd-16b-d1
SH.FMC_D7_DA7.ConfNb=1
SH.FMC_D8_DA8.0=FMC_D8,sd-16b-d1
SH.FMC_D8_DA8.ConfNb=1
SH.FMC_D9_DA9.0=FMC_D9,sd-16b-d1
SH.FMC_D9_DA9.ConfNb=1
SH.FMC_NBL0.0=FMC_NBL0,Sd2ByteEnable1
SH.FMC_NBL0.ConfNb=1
SH.FMC_NBL1.0=FMC_NBL1,Sd2ByteEnable1
SH.FMC_NBL1.ConfNb=1
SH.FMC_SDCLK.0=FMC_SDCLK,13b-sda1
SH.FMC_SDCLK.ConfNb=1
SH.FMC_SDNCAS.0=FMC_SDNCAS,13b-sda1
SH.FMC_SDNCAS.ConfNb=1
SH.FMC_SDNRAS.0=FMC_SDNRAS,13b-sda1
SH.FMC_SDNRAS.ConfNb=1
SH.FMC_SDNWE.0=FMC_SDNWE,13b-sda1
SH.FMC_SDNWE.ConfNb=1
SH.GPXTI6.0=GPIO_EXTI6
SH.GPXTI6.ConfNb=1
SH.S_TIM1_CH1.0=TIM1_CH1,PWM Generation1 CH1
SH.S_TIM1_CH1.ConfNb=1
SH.S_TIM1_CH2.0=TIM1_CH2,PWM Generation2 CH2
SH.S_TIM1_CH2.ConfNb=1
SH.S_TIM1_CH3.0=TIM1_CH3,PWM Generation3 CH3
SH.S_TIM1_CH3.ConfNb=1
SH.S_TIM2_CH1_ETR.0=TIM2_CH1,PWM Generation1 CH1
SH.S_TIM2_CH1_ETR.ConfNb=1
SH.S_TIM2_CH2.0=TIM2_CH2,PWM Generation2 CH2
SH.S_TIM2_CH2.ConfNb=1
SH.S_TIM2_CH4.0=TIM2_CH4,PWM Generation4 CH4
SH.S_TIM2_CH4.ConfNb=1
SH.S_TIM3_CH1.0=TIM3_CH1,PWM Generation1 CH1
SH.S_TIM3_CH1.ConfNb=1
SH.S_TIM3_CH2.0=TIM3_CH2,PWM Generation2 CH2
SH.S_TIM3_CH2.ConfNb=1
SH.S_TIM8_CH1.0=TIM8_CH1,PWM Generation1 CH1
SH.S_TIM8_CH1.ConfNb=1
SH.S_TIM8_CH2.0=TIM8_CH2,PWM Generation2 CH2
SH.S_TIM8_CH2.ConfNb=1
SH.S_TIM8_CH3.0=TIM8_CH3,PWM Generation3 CH3
SH.S_TIM8_CH3.ConfNb=1
SH.S_TIM8_ETR.0=TIM8_ETR,TriggerSource_ETR
SH.S_TIM8_ETR.ConfNb=1
TIM1.AutoReloadPreload=TIM_AUTORELOAD_PRELOAD_ENABLE
TIM1.Channel-PWM\ Generation1\ CH1=TIM_CHANNEL_1
TIM1.Channel-PWM\ Generation2\ CH2=TIM_CHANNEL_2
TIM1.Channel-PWM\ Generation3\ CH3=TIM_CHANNEL_3
TIM1.IPParameters=Channel-PWM Generation1 CH1,Channel-PWM Generation2 CH2,Prescaler,Period,RepetitionCounter,AutoReloadPreload,TIM_MasterSlaveMode,TIM_MasterOutputTrigger,TIM_MasterOutputTrigger2,OCMode_PWM-PWM Generation1 CH1,Pulse-PWM Generation1 CH1,OCPolarity_1,OCMode_PWM-PWM Generation2 CH2,Pulse-PWM Generation2 CH2,OC2Preload_PWM,OCPolarity_2,OCIdleState_2,Channel-PWM Generation3 CH3,OCMode_PWM-PWM Generation3 CH3,Pulse-PWM Generation3 CH3,OCFastMode_PWM-PWM Generation3 CH3,OCPolarity_3,OCFastMode_PWM-PWM Generation2 CH2
TIM1.OC2Preload_PWM=ENABLE
TIM1.OCFastMode_PWM-PWM\ Generation2\ CH2=TIM_OCFAST_ENABLE
TIM1.OCFastMode_PWM-PWM\ Generation3\ CH3=TIM_OCFAST_ENABLE
TIM1.OCIdleState_2=TIM_OCIDLESTATE_RESET
TIM1.OCMode_PWM-PWM\ Generation1\ CH1=TIM_OCMODE_PWM2
TIM1.OCMode_PWM-PWM\ Generation2\ CH2=TIM_OCMODE_PWM2
TIM1.OCMode_PWM-PWM\ Generation3\ CH3=TIM_OCMODE_PWM2
TIM1.OCPolarity_1=TIM_OCPOLARITY_LOW
TIM1.OCPolarity_2=TIM_OCPOLARITY_LOW
TIM1.OCPolarity_3=TIM_OCPOLARITY_LOW
TIM1.Period=((Exposure*TIMEDenom/TIMENumer)-1)
TIM1.Prescaler=((Usec*TIMENumer/TIMEDenom)-1)
TIM1.Pulse-PWM\ Generation1\ CH1=4
TIM1.Pulse-PWM\ Generation2\ CH2=3
TIM1.Pulse-PWM\ Generation3\ CH3=3
TIM1.RepetitionCounter=NumLines
TIM1.TIM_MasterOutputTrigger=TIM_TRGO_OC1REF
TIM1.TIM_MasterOutputTrigger2=TIM_TRGO2_UPDATE
TIM1.TIM_MasterSlaveMode=TIM_MASTERSLAVEMODE_ENABLE
TIM2.Channel-PWM\ Generation1\ CH1=TIM_CHANNEL_1
TIM2.Channel-PWM\ Generation2\ CH2=TIM_CHANNEL_2
TIM2.Channel-PWM\ Generation4\ CH4=TIM_CHANNEL_4
TIM2.IPParameters=Channel-PWM Generation1 CH1,Channel-PWM Generation2 CH2,Period,TIM_MasterSlaveMode,OCMode_PWM-PWM Generation1 CH1,Pulse-PWM Generation1 CH1,OCFastMode_PWM-PWM Generation1 CH1,OCMode_PWM-PWM Generation2 CH2,Pulse-PWM Generation2 CH2,OCFastMode_PWM-PWM Generation2 CH2,Channel-PWM Generation4 CH4,OCPolarity_1
TIM2.OCFastMode_PWM-PWM\ Generation1\ CH1=TIM_OCFAST_ENABLE
TIM2.OCFastMode_PWM-PWM\ Generation2\ CH2=TIM_OCFAST_ENABLE
TIM2.OCMode_PWM-PWM\ Generation1\ CH1=TIM_OCMODE_PWM2
TIM2.OCMode_PWM-PWM\ Generation2\ CH2=TIM_OCMODE_PWM1
TIM2.OCPolarity_1=TIM_OCPOLARITY_HIGH
TIM2.Period=BlankTime
TIM2.Pulse-PWM\ Generation1\ CH1=Usec/3-1
TIM2.Pulse-PWM\ Generation2\ CH2=(Usec/4) -1
TIM2.TIM_MasterSlaveMode=TIM_MASTERSLAVEMODE_ENABLE
TIM3.Channel-PWM\ Generation1\ CH1=TIM_CHANNEL_1
TIM3.Channel-PWM\ Generation2\ CH2=TIM_CHANNEL_2
TIM3.IPParameters=Channel-PWM Generation1 CH1,Channel-PWM Generation2 CH2,Period,TIM_MasterOutputTrigger,Pulse-PWM Generation1 CH1,OCMode_PWM-PWM Generation2 CH2,Pulse-PWM Generation2 CH2,OCPolarity_2,OCPolarity_1
TIM3.OCMode_PWM-PWM\ Generation2\ CH2=TIM_OCMODE_PWM1
TIM3.OCPolarity_1=TIM_OCPOLARITY_HIGH
TIM3.OCPolarity_2=TIM_OCPOLARITY_HIGH
TIM3.Period=(Usec*TIMENumer/TIMEDenom-1)
TIM3.Pulse-PWM\ Generation1\ CH1=((Usec/4)-1)
TIM3.Pulse-PWM\ Generation2\ CH2=(((Usec/4))-1)
TIM3.TIM_MasterOutputTrigger=TIM_TRGO_OC3REF
TIM8.Channel-PWM\ Generation1\ CH1=TIM_CHANNEL_1
TIM8.Channel-PWM\ Generation2\ CH2=TIM_CHANNEL_2
TIM8.Channel-PWM\ Generation3\ CH3=TIM_CHANNEL_3
TIM8.IPParameters=Period,TIM_MasterSlaveMode,TIM_MasterOutputTrigger,TIM_MasterOutputTrigger2,RepetitionCounter,Channel-PWM Generation1 CH1,Pulse-PWM Generation1 CH1,OCMode_PWM-PWM Generation1 CH1,OCFastMode_PWM-PWM Generation1 CH1,Channel-PWM Generation3 CH3,Channel-PWM Generation2 CH2,OCMode_PWM-PWM Generation2 CH2,OCMode_PWM-PWM Generation3 CH3,Pulse-PWM Generation2 CH2,Pulse-PWM Generation3 CH3,OCFastMode_PWM-PWM Generation2 CH2,OCFastMode_PWM-PWM Generation3 CH3
TIM8.OCFastMode_PWM-PWM\ Generation1\ CH1=TIM_OCFAST_ENABLE
TIM8.OCFastMode_PWM-PWM\ Generation2\ CH2=TIM_OCFAST_ENABLE
TIM8.OCFastMode_PWM-PWM\ Generation3\ CH3=TIM_OCFAST_ENABLE
TIM8.OCMode_PWM-PWM\ Generation1\ CH1=TIM_OCMODE_PWM2
TIM8.OCMode_PWM-PWM\ Generation2\ CH2=TIM_OCMODE_PWM2
TIM8.OCMode_PWM-PWM\ Generation3\ CH3=TIM_OCMODE_PWM2
TIM8.Period=(Usec*TIMENumer/TIMEDenom)-1
TIM8.Pulse-PWM\ Generation1\ CH1=((Usec/4)-1)
TIM8.Pulse-PWM\ Generation2\ CH2=2
TIM8.Pulse-PWM\ Generation3\ CH3=2
TIM8.RepetitionCounter=Npixels-1
TIM8.TIM_MasterOutputTrigger=TIM_TRGO_UPDATE
TIM8.TIM_MasterOutputTrigger2=TIM_TRGO2_OC1REF
TIM8.TIM_MasterSlaveMode=TIM_MASTERSLAVEMODE_ENABLE
VP_FATFS_VS_SDIO.Mode=SDIO
VP_FATFS_VS_SDIO.Signal=FATFS_VS_SDIO
VP_RTC_VS_RTC_Activate.Mode=RTC_Enabled
VP_RTC_VS_RTC_Activate.Signal=RTC_VS_RTC_Activate
VP_RTC_VS_RTC_Calendar.Mode=RTC_Calendar
VP_RTC_VS_RTC_Calendar.Signal=RTC_VS_RTC_Calendar
VP_SYS_VS_Systick.Mode=SysTick
VP_SYS_VS_Systick.Signal=SYS_VS_Systick
VP_TIM1_VS_ClockSourceINT.Mode=Internal
VP_TIM1_VS_ClockSourceINT.Signal=TIM1_VS_ClockSourceINT
VP_TIM1_VS_OPM.Mode=OPM_bit
VP_TIM1_VS_OPM.Signal=TIM1_VS_OPM
VP_TIM2_VS_ClockSourceINT.Mode=Internal
VP_TIM2_VS_ClockSourceINT.Signal=TIM2_VS_ClockSourceINT
VP_TIM2_VS_ClockSourceITR.Mode=TriggerSource_ITR0
VP_TIM2_VS_ClockSourceITR.Signal=TIM2_VS_ClockSourceITR
VP_TIM2_VS_ControllerModeTrigger.Mode=Trigger Mode
VP_TIM2_VS_ControllerModeTrigger.Signal=TIM2_VS_ControllerModeTrigger
VP_TIM2_VS_OPM.Mode=OPM_bit
VP_TIM2_VS_OPM.Signal=TIM2_VS_OPM
VP_TIM3_VS_ClockSourceINT.Mode=Internal
VP_TIM3_VS_ClockSourceINT.Signal=TIM3_VS_ClockSourceINT
VP_TIM3_VS_ClockSourceITR.Mode=TriggerSource_ITR0
VP_TIM3_VS_ClockSourceITR.Signal=TIM3_VS_ClockSourceITR
VP_TIM3_VS_ControllerModeGated.Mode=Gated Mode
VP_TIM3_VS_ControllerModeGated.Signal=TIM3_VS_ControllerModeGated
VP_TIM8_VS_ClockSourceINT.Mode=Internal
VP_TIM8_VS_ClockSourceINT.Signal=TIM8_VS_ClockSourceINT
VP_TIM8_VS_ControllerModeTrigger.Mode=Trigger Mode
VP_TIM8_VS_ControllerModeTrigger.Signal=TIM8_VS_ControllerModeTrigger
VP_TIM8_VS_OPM.Mode=OPM_bit
VP_TIM8_VS_OPM.Signal=TIM8_VS_OPM
VP_VREFBUF_V_VREFBUF.Mode=ExternalMode
VP_VREFBUF_V_VREFBUF.Signal=VREFBUF_V_VREFBUF
board=custom
isbadioc=false
